
Microsoft Visual Studio Solution File, Format Version 12.00
# Visual Studio Version 17
VisualStudioVersion = 17.7.33913.275
MinimumVisualStudioVersion = 10.0.40219.1
Project("{FAE04EC0-301F-11D3-BF4B-00C04F79EFBC}") = "AtelierTool", "AtelierTool\AtelierTool.csproj", "{B3E5755D-BEC5-40C5-A148-97373D7D721C}"
EndProject
Global
	GlobalSection(SolutionConfigurationPlatforms) = preSolution
		Debug|Any CPU = Debug|Any CPU
		Release|Any CPU = Release|Any CPU
	EndGlobalSection
	GlobalSection(ProjectConfigurationPlatforms) = postSolution
		{B3E5755D-BEC5-40C5-A148-97373D7D721C}.Debug|Any CPU.ActiveCfg = Debug|Any CPU
		{B3E5755D-BEC5-40C5-A148-97373D7D721C}.Debug|Any CPU.Build.0 = Debug|Any CPU
		{B3E5755D-BEC5-40C5-A148-97373D7D721C}.Release|Any CPU.ActiveCfg = Release|Any CPU
		{B3E5755D-BEC5-40C5-A148-97373D7D721C}.Release|Any CPU.Build.0 = Release|Any CPU
	EndGlobalSection
	GlobalSection(SolutionProperties) = preSolution
		HideSolutionNode = FALSE
	EndGlobalSection
	GlobalSection(ExtensibilityGlobals) = postSolution
		SolutionGuid = {56FA7085-746F-4B29-ADD6-29873185E25E}
	EndGlobalSection
EndGlobal
